
Microsoft Visual Studio Solution File, Format Version 12.00
# Visual Studio 15
VisualStudioVersion = 15.0.27703.2042
MinimumVisualStudioVersion = 10.0.40219.1
Project("{9A19103F-16F7-4668-BE54-9A1E7A4F7556}") = "ForumClientApp", "ForumClientApp\ForumClientApp.csproj", "{1BCAF8A2-1164-4129-B9D9-B0DFCAF9DBA4}"
EndProject
Global
	GlobalSection(SolutionConfigurationPlatforms) = preSolution
		Debug|Any CPU = Debug|Any CPU
		Release|Any CPU = Release|Any CPU
	EndGlobalSection
	GlobalSection(ProjectConfigurationPlatforms) = postSolution
		{1BCAF8A2-1164-4129-B9D9-B0DFCAF9DBA4}.Debug|Any CPU.ActiveCfg = Debug|Any CPU
		{1BCAF8A2-1164-4129-B9D9-B0DFCAF9DBA4}.Debug|Any CPU.Build.0 = Debug|Any CPU
		{1BCAF8A2-1164-4129-B9D9-B0DFCAF9DBA4}.Release|Any CPU.ActiveCfg = Release|Any CPU
		{1BCAF8A2-1164-4129-B9D9-B0DFCAF9DBA4}.Release|Any CPU.Build.0 = Release|Any CPU
	EndGlobalSection
	GlobalSection(SolutionProperties) = preSolution
		HideSolutionNode = FALSE
	EndGlobalSection
	GlobalSection(ExtensibilityGlobals) = postSolution
		SolutionGuid = {948252B3-7227-4FEB-B6BE-51EA290F8596}
	EndGlobalSection
EndGlobal
